// !$*UTF8*$!
{
	archiveVersion = 1;
	classes = {
	};
	objectVersion = 48;
	objects = {

/* Begin PBXBuildFile section */
		024721FD200F895C007A280D /* AppDelegate.swift in Sources */ = {isa = PBXBuildFile; fileRef = 024721FC200F895C007A280D /* AppDelegate.swift */; };
		024721FF200F895C007A280D /* ViewController.swift in Sources */ = {isa = PBXBuildFile; fileRef = 024721FE200F895C007A280D /* ViewController.swift */; };
		02472202200F895C007A280D /* Main.storyboard in Resources */ = {isa = PBXBuildFile; fileRef = 02472200200F895C007A280D /* Main.storyboard */; };
		02472204200F895C007A280D /* Images.xcassets in Resources */ = {isa = PBXBuildFile; fileRef = 02472203200F895C007A280D /* Images.xcassets */; };
		02472207200F895C007A280D /* LaunchScreen.storyboard in Resources */ = {isa = PBXBuildFile; fileRef = 02472205200F895C007A280D /* LaunchScreen.storyboard */; };
		02472215200F8D03007A280D /* ios_starterTests.swift in Sources */ = {isa = PBXBuildFile; fileRef = 02472214200F8D03007A280D /* ios_starterTests.swift */; };
		024722612015CB67007A280D /* AppKeys.swift in Sources */ = {isa = PBXBuildFile; fileRef = 024722602015CB67007A280D /* AppKeys.swift */; };
		024722662015CCB8007A280D /* Colors.swift in Sources */ = {isa = PBXBuildFile; fileRef = 024722652015CCB8007A280D /* Colors.swift */; };
		024722682015CD17007A280D /* Storyboards.swift in Sources */ = {isa = PBXBuildFile; fileRef = 024722672015CD17007A280D /* Storyboards.swift */; };
		0247226A2015CD25007A280D /* Images.swift in Sources */ = {isa = PBXBuildFile; fileRef = 024722692015CD25007A280D /* Images.swift */; };
		0247226C2015CD3F007A280D /* Localization.swift in Sources */ = {isa = PBXBuildFile; fileRef = 0247226B2015CD3F007A280D /* Localization.swift */; };
		024722722015D24A007A280D /* AppKeys_DEV.plist in Resources */ = {isa = PBXBuildFile; fileRef = 024722712015D24A007A280D /* AppKeys_DEV.plist */; };
		0247228120161FBE007A280D /* Localizable.strings in Resources */ = {isa = PBXBuildFile; fileRef = 0247227F20161FBE007A280D /* Localizable.strings */; };
		02472283201634AB007A280D /* Colors.xcassets in Resources */ = {isa = PBXBuildFile; fileRef = 02472282201634AB007A280D /* Colors.xcassets */; };
		0ED46B8AA90BAC0E60FEB340 /* Pods_ios_starterTests.framework in Frameworks */ = {isa = PBXBuildFile; fileRef = CE199D13EB27F1357EB2B0A5 /* Pods_ios_starterTests.framework */; };
		5B068F3B22194FED5C188C34 /* Pods_ios_starter.framework in Frameworks */ = {isa = PBXBuildFile; fileRef = 767CD62773A91782E86D5D11 /* Pods_ios_starter.framework */; };
/* End PBXBuildFile section */

/* Begin PBXContainerItemProxy section */
		02472217200F8D03007A280D /* PBXContainerItemProxy */ = {
			isa = PBXContainerItemProxy;
			containerPortal = 024721F1200F895C007A280D /* Project object */;
			proxyType = 1;
			remoteGlobalIDString = 024721F8200F895C007A280D;
			remoteInfo = "ios-starter";
		};
/* End PBXContainerItemProxy section */

/* Begin PBXFileReference section */
		024721F9200F895C007A280D /* ios-starter.app */ = {isa = PBXFileReference; explicitFileType = wrapper.application; includeInIndex = 0; path = "ios-starter.app"; sourceTree = BUILT_PRODUCTS_DIR; };
		024721FC200F895C007A280D /* AppDelegate.swift */ = {isa = PBXFileReference; lastKnownFileType = sourcecode.swift; path = AppDelegate.swift; sourceTree = "<group>"; };
		024721FE200F895C007A280D /* ViewController.swift */ = {isa = PBXFileReference; lastKnownFileType = sourcecode.swift; path = ViewController.swift; sourceTree = "<group>"; };
		02472201200F895C007A280D /* Base */ = {isa = PBXFileReference; lastKnownFileType = file.storyboard; name = Base; path = Base.lproj/Main.storyboard; sourceTree = "<group>"; };
		02472203200F895C007A280D /* Images.xcassets */ = {isa = PBXFileReference; lastKnownFileType = folder.assetcatalog; path = Images.xcassets; sourceTree = "<group>"; };
		02472206200F895C007A280D /* Base */ = {isa = PBXFileReference; lastKnownFileType = file.storyboard; name = Base; path = Base.lproj/LaunchScreen.storyboard; sourceTree = "<group>"; };
		02472208200F895C007A280D /* Info.plist */ = {isa = PBXFileReference; lastKnownFileType = text.plist.xml; path = Info.plist; sourceTree = "<group>"; };
		02472212200F8D03007A280D /* ios-starterTests.xctest */ = {isa = PBXFileReference; explicitFileType = wrapper.cfbundle; includeInIndex = 0; path = "ios-starterTests.xctest"; sourceTree = BUILT_PRODUCTS_DIR; };
		02472214200F8D03007A280D /* ios_starterTests.swift */ = {isa = PBXFileReference; lastKnownFileType = sourcecode.swift; path = ios_starterTests.swift; sourceTree = "<group>"; };
		02472216200F8D03007A280D /* Info.plist */ = {isa = PBXFileReference; lastKnownFileType = text.plist.xml; path = Info.plist; sourceTree = "<group>"; };
		024722602015CB67007A280D /* AppKeys.swift */ = {isa = PBXFileReference; lastKnownFileType = sourcecode.swift; path = AppKeys.swift; sourceTree = "<group>"; };
		024722652015CCB8007A280D /* Colors.swift */ = {isa = PBXFileReference; lastKnownFileType = sourcecode.swift; path = Colors.swift; sourceTree = "<group>"; };
		024722672015CD17007A280D /* Storyboards.swift */ = {isa = PBXFileReference; lastKnownFileType = sourcecode.swift; path = Storyboards.swift; sourceTree = "<group>"; };
		024722692015CD25007A280D /* Images.swift */ = {isa = PBXFileReference; lastKnownFileType = sourcecode.swift; path = Images.swift; sourceTree = "<group>"; };
		0247226B2015CD3F007A280D /* Localization.swift */ = {isa = PBXFileReference; lastKnownFileType = sourcecode.swift; path = Localization.swift; sourceTree = "<group>"; };
		024722702015D1F1007A280D /* AppKeys.map */ = {isa = PBXFileReference; lastKnownFileType = "sourcecode.module-map"; path = AppKeys.map; sourceTree = "<group>"; };
		024722712015D24A007A280D /* AppKeys_DEV.plist */ = {isa = PBXFileReference; lastKnownFileType = text.plist.xml; path = AppKeys_DEV.plist; sourceTree = "<group>"; };
		0247228020161FBE007A280D /* Base */ = {isa = PBXFileReference; lastKnownFileType = text.plist.strings; name = Base; path = Base.lproj/Localizable.strings; sourceTree = "<group>"; };
		02472282201634AB007A280D /* Colors.xcassets */ = {isa = PBXFileReference; lastKnownFileType = folder.assetcatalog; path = Colors.xcassets; sourceTree = "<group>"; };
		2DE66BEBB5FA07BA8C9907A1 /* Pods-ios-starterTests.debug.xcconfig */ = {isa = PBXFileReference; includeInIndex = 1; lastKnownFileType = text.xcconfig; name = "Pods-ios-starterTests.debug.xcconfig"; path = "Pods/Target Support Files/Pods-ios-starterTests/Pods-ios-starterTests.debug.xcconfig"; sourceTree = "<group>"; };
		714904F99CA1CA2C336AC091 /* Pods-ios-starter.release.xcconfig */ = {isa = PBXFileReference; includeInIndex = 1; lastKnownFileType = text.xcconfig; name = "Pods-ios-starter.release.xcconfig"; path = "Pods/Target Support Files/Pods-ios-starter/Pods-ios-starter.release.xcconfig"; sourceTree = "<group>"; };
		767CD62773A91782E86D5D11 /* Pods_ios_starter.framework */ = {isa = PBXFileReference; explicitFileType = wrapper.framework; includeInIndex = 0; path = Pods_ios_starter.framework; sourceTree = BUILT_PRODUCTS_DIR; };
		CE199D13EB27F1357EB2B0A5 /* Pods_ios_starterTests.framework */ = {isa = PBXFileReference; explicitFileType = wrapper.framework; includeInIndex = 0; path = Pods_ios_starterTests.framework; sourceTree = BUILT_PRODUCTS_DIR; };
		DF91A5B6DCCC25B1577E371A /* Pods-ios-starterTests.release.xcconfig */ = {isa = PBXFileReference; includeInIndex = 1; lastKnownFileType = text.xcconfig; name = "Pods-ios-starterTests.release.xcconfig"; path = "Pods/Target Support Files/Pods-ios-starterTests/Pods-ios-starterTests.release.xcconfig"; sourceTree = "<group>"; };
		F7B5B8062FD9FFE288A9B669 /* Pods-ios-starter.debug.xcconfig */ = {isa = PBXFileReference; includeInIndex = 1; lastKnownFileType = text.xcconfig; name = "Pods-ios-starter.debug.xcconfig"; path = "Pods/Target Support Files/Pods-ios-starter/Pods-ios-starter.debug.xcconfig"; sourceTree = "<group>"; };
/* End PBXFileReference section */

/* Begin PBXFrameworksBuildPhase section */
		024721F6200F895C007A280D /* Frameworks */ = {
			isa = PBXFrameworksBuildPhase;
			buildActionMask = 2147483647;
			files = (
				5B068F3B22194FED5C188C34 /* Pods_ios_starter.framework in Frameworks */,
			);
			runOnlyForDeploymentPostprocessing = 0;
		};
		0247220F200F8D03007A280D /* Frameworks */ = {
			isa = PBXFrameworksBuildPhase;
			buildActionMask = 2147483647;
			files = (
				0ED46B8AA90BAC0E60FEB340 /* Pods_ios_starterTests.framework in Frameworks */,
			);
			runOnlyForDeploymentPostprocessing = 0;
		};
/* End PBXFrameworksBuildPhase section */

/* Begin PBXGroup section */
		024721F0200F895C007A280D = {
			isa = PBXGroup;
			children = (
				024721FB200F895C007A280D /* ios-starter */,
				02472213200F8D03007A280D /* ios-starterTests */,
				024721FA200F895C007A280D /* Products */,
				6593E4A47D87C370CDB4CC88 /* Pods */,
				35991988150A4C423CA41CDB /* Frameworks */,
			);
			sourceTree = "<group>";
		};
		024721FA200F895C007A280D /* Products */ = {
			isa = PBXGroup;
			children = (
				024721F9200F895C007A280D /* ios-starter.app */,
				02472212200F8D03007A280D /* ios-starterTests.xctest */,
			);
			name = Products;
			sourceTree = "<group>";
		};
		024721FB200F895C007A280D /* ios-starter */ = {
			isa = PBXGroup;
			children = (
				0247226F2015D193007A280D /* Config */,
				0247225F2015CB0E007A280D /* Generated */,
				024721FC200F895C007A280D /* AppDelegate.swift */,
				024721FE200F895C007A280D /* ViewController.swift */,
				02472200200F895C007A280D /* Main.storyboard */,
				02472203200F895C007A280D /* Images.xcassets */,
				02472205200F895C007A280D /* LaunchScreen.storyboard */,
				02472208200F895C007A280D /* Info.plist */,
				0247227F20161FBE007A280D /* Localizable.strings */,
				02472282201634AB007A280D /* Colors.xcassets */,
			);
			path = "ios-starter";
			sourceTree = "<group>";
		};
		02472213200F8D03007A280D /* ios-starterTests */ = {
			isa = PBXGroup;
			children = (
				02472214200F8D03007A280D /* ios_starterTests.swift */,
				02472216200F8D03007A280D /* Info.plist */,
			);
			path = "ios-starterTests";
			sourceTree = "<group>";
		};
		0247225F2015CB0E007A280D /* Generated */ = {
			isa = PBXGroup;
			children = (
				024722642015CC72007A280D /* Constants */,
				024722602015CB67007A280D /* AppKeys.swift */,
			);
			path = Generated;
			sourceTree = "<group>";
		};
		024722642015CC72007A280D /* Constants */ = {
			isa = PBXGroup;
			children = (
				024722652015CCB8007A280D /* Colors.swift */,
				024722672015CD17007A280D /* Storyboards.swift */,
				024722692015CD25007A280D /* Images.swift */,
				0247226B2015CD3F007A280D /* Localization.swift */,
			);
			path = Constants;
			sourceTree = "<group>";
		};
		0247226F2015D193007A280D /* Config */ = {
			isa = PBXGroup;
			children = (
				024722702015D1F1007A280D /* AppKeys.map */,
				024722712015D24A007A280D /* AppKeys_DEV.plist */,
			);
			path = Config;
			sourceTree = "<group>";
		};
		35991988150A4C423CA41CDB /* Frameworks */ = {
			isa = PBXGroup;
			children = (
				767CD62773A91782E86D5D11 /* Pods_ios_starter.framework */,
				CE199D13EB27F1357EB2B0A5 /* Pods_ios_starterTests.framework */,
			);
			name = Frameworks;
			sourceTree = "<group>";
		};
		6593E4A47D87C370CDB4CC88 /* Pods */ = {
			isa = PBXGroup;
			children = (
				F7B5B8062FD9FFE288A9B669 /* Pods-ios-starter.debug.xcconfig */,
				714904F99CA1CA2C336AC091 /* Pods-ios-starter.release.xcconfig */,
				2DE66BEBB5FA07BA8C9907A1 /* Pods-ios-starterTests.debug.xcconfig */,
				DF91A5B6DCCC25B1577E371A /* Pods-ios-starterTests.release.xcconfig */,
			);
			name = Pods;
			sourceTree = "<group>";
		};
/* End PBXGroup section */

/* Begin PBXNativeTarget section */
		024721F8200F895C007A280D /* ios-starter */ = {
			isa = PBXNativeTarget;
			buildConfigurationList = 0247220B200F895C007A280D /* Build configuration list for PBXNativeTarget "ios-starter" */;
			buildPhases = (
				13C5915E163518468ADA0E96 /* [CP] Check Pods Manifest.lock */,
				024721F5200F895C007A280D /* Sources */,
				024721F6200F895C007A280D /* Frameworks */,
				024721F7200F895C007A280D /* Resources */,
				5371EC2592542B32BD520314 /* [CP] Embed Pods Frameworks */,
				C9D562881AC0162184F35C54 /* [CP] Copy Pods Resources */,
			);
			buildRules = (
			);
			dependencies = (
			);
			name = "ios-starter";
			productName = "ios-starter";
			productReference = 024721F9200F895C007A280D /* ios-starter.app */;
			productType = "com.apple.product-type.application";
		};
		02472211200F8D03007A280D /* ios-starterTests */ = {
			isa = PBXNativeTarget;
			buildConfigurationList = 0247221B200F8D03007A280D /* Build configuration list for PBXNativeTarget "ios-starterTests" */;
			buildPhases = (
				29D87F3D60DF0E913D3B19CF /* [CP] Check Pods Manifest.lock */,
				0247220E200F8D03007A280D /* Sources */,
				0247220F200F8D03007A280D /* Frameworks */,
				02472210200F8D03007A280D /* Resources */,
				9799AF2E87B8E1D36C4FE7E0 /* [CP] Embed Pods Frameworks */,
				964A7DFCCF57CF93E2FDC06F /* [CP] Copy Pods Resources */,
			);
			buildRules = (
			);
			dependencies = (
				02472218200F8D03007A280D /* PBXTargetDependency */,
			);
			name = "ios-starterTests";
			productName = "ios-starterTests";
			productReference = 02472212200F8D03007A280D /* ios-starterTests.xctest */;
			productType = "com.apple.product-type.bundle.unit-test";
		};
/* End PBXNativeTarget section */

/* Begin PBXProject section */
		024721F1200F895C007A280D /* Project object */ = {
			isa = PBXProject;
			attributes = {
				LastSwiftUpdateCheck = 0920;
				LastUpgradeCheck = 0920;
				ORGANIZATIONNAME = "Pulkit Arora";
				TargetAttributes = {
					024721F8200F895C007A280D = {
						CreatedOnToolsVersion = 9.2;
						ProvisioningStyle = Automatic;
					};
					02472211200F8D03007A280D = {
						CreatedOnToolsVersion = 9.2;
						ProvisioningStyle = Automatic;
						TestTargetID = 024721F8200F895C007A280D;
					};
				};
			};
			buildConfigurationList = 024721F4200F895C007A280D /* Build configuration list for PBXProject "ios-starter" */;
			compatibilityVersion = "Xcode 8.0";
			developmentRegion = en;
			hasScannedForEncodings = 0;
			knownRegions = (
				en,
				Base,
			);
			mainGroup = 024721F0200F895C007A280D;
			productRefGroup = 024721FA200F895C007A280D /* Products */;
			projectDirPath = "";
			projectRoot = "";
			targets = (
				024721F8200F895C007A280D /* ios-starter */,
				02472211200F8D03007A280D /* ios-starterTests */,
			);
		};
/* End PBXProject section */

/* Begin PBXResourcesBuildPhase section */
		024721F7200F895C007A280D /* Resources */ = {
			isa = PBXResourcesBuildPhase;
			buildActionMask = 2147483647;
			files = (
				0247228120161FBE007A280D /* Localizable.strings in Resources */,
				02472207200F895C007A280D /* LaunchScreen.storyboard in Resources */,
				02472204200F895C007A280D /* Images.xcassets in Resources */,
				02472283201634AB007A280D /* Colors.xcassets in Resources */,
				024722722015D24A007A280D /* AppKeys_DEV.plist in Resources */,
				02472202200F895C007A280D /* Main.storyboard in Resources */,
			);
			runOnlyForDeploymentPostprocessing = 0;
		};
		02472210200F8D03007A280D /* Resources */ = {
			isa = PBXResourcesBuildPhase;
			buildActionMask = 2147483647;
			files = (
			);
			runOnlyForDeploymentPostprocessing = 0;
		};
/* End PBXResourcesBuildPhase section */

/* Begin PBXShellScriptBuildPhase section */
		13C5915E163518468ADA0E96 /* [CP] Check Pods Manifest.lock */ = {
			isa = PBXShellScriptBuildPhase;
			buildActionMask = 2147483647;
			files = (
			);
			inputPaths = (
				"${PODS_PODFILE_DIR_PATH}/Podfile.lock",
				"${PODS_ROOT}/Manifest.lock",
			);
			name = "[CP] Check Pods Manifest.lock";
			outputPaths = (
				"$(DERIVED_FILE_DIR)/Pods-ios-starter-checkManifestLockResult.txt",
			);
			runOnlyForDeploymentPostprocessing = 0;
			shellPath = /bin/sh;
			shellScript = "diff \"${PODS_PODFILE_DIR_PATH}/Podfile.lock\" \"${PODS_ROOT}/Manifest.lock\" > /dev/null\nif [ $? != 0 ] ; then\n    # print error to STDERR\n    echo \"error: The sandbox is not in sync with the Podfile.lock. Run 'pod install' or update your CocoaPods installation.\" >&2\n    exit 1\nfi\n# This output is used by Xcode 'outputs' to avoid re-running this script phase.\necho \"SUCCESS\" > \"${SCRIPT_OUTPUT_FILE_0}\"\n";
			showEnvVarsInLog = 0;
		};
		29D87F3D60DF0E913D3B19CF /* [CP] Check Pods Manifest.lock */ = {
			isa = PBXShellScriptBuildPhase;
			buildActionMask = 2147483647;
			files = (
			);
			inputPaths = (
				"${PODS_PODFILE_DIR_PATH}/Podfile.lock",
				"${PODS_ROOT}/Manifest.lock",
			);
			name = "[CP] Check Pods Manifest.lock";
			outputPaths = (
				"$(DERIVED_FILE_DIR)/Pods-ios-starterTests-checkManifestLockResult.txt",
			);
			runOnlyForDeploymentPostprocessing = 0;
			shellPath = /bin/sh;
			shellScript = "diff \"${PODS_PODFILE_DIR_PATH}/Podfile.lock\" \"${PODS_ROOT}/Manifest.lock\" > /dev/null\nif [ $? != 0 ] ; then\n    # print error to STDERR\n    echo \"error: The sandbox is not in sync with the Podfile.lock. Run 'pod install' or update your CocoaPods installation.\" >&2\n    exit 1\nfi\n# This output is used by Xcode 'outputs' to avoid re-running this script phase.\necho \"SUCCESS\" > \"${SCRIPT_OUTPUT_FILE_0}\"\n";
			showEnvVarsInLog = 0;
		};
		5371EC2592542B32BD520314 /* [CP] Embed Pods Frameworks */ = {
			isa = PBXShellScriptBuildPhase;
			buildActionMask = 2147483647;
			files = (
			);
			inputPaths = (
				"${SRCROOT}/Pods/Target Support Files/Pods-ios-starter/Pods-ios-starter-frameworks.sh",
				"${BUILT_PRODUCTS_DIR}/RxSwift/RxSwift.framework",
			);
			name = "[CP] Embed Pods Frameworks";
			outputPaths = (
				"${TARGET_BUILD_DIR}/${FRAMEWORKS_FOLDER_PATH}/RxSwift.framework",
			);
			runOnlyForDeploymentPostprocessing = 0;
			shellPath = /bin/sh;
			shellScript = "\"${SRCROOT}/Pods/Target Support Files/Pods-ios-starter/Pods-ios-starter-frameworks.sh\"\n";
			showEnvVarsInLog = 0;
		};
		964A7DFCCF57CF93E2FDC06F /* [CP] Copy Pods Resources */ = {
			isa = PBXShellScriptBuildPhase;
			buildActionMask = 2147483647;
			files = (
			);
			inputPaths = (
			);
			name = "[CP] Copy Pods Resources";
			outputPaths = (
			);
			runOnlyForDeploymentPostprocessing = 0;
			shellPath = /bin/sh;
			shellScript = "\"${SRCROOT}/Pods/Target Support Files/Pods-ios-starterTests/Pods-ios-starterTests-resources.sh\"\n";
			showEnvVarsInLog = 0;
		};
		9799AF2E87B8E1D36C4FE7E0 /* [CP] Embed Pods Frameworks */ = {
			isa = PBXShellScriptBuildPhase;
			buildActionMask = 2147483647;
			files = (
			);
			inputPaths = (
				"${SRCROOT}/Pods/Target Support Files/Pods-ios-starterTests/Pods-ios-starterTests-frameworks.sh",
				"${BUILT_PRODUCTS_DIR}/Nimble/Nimble.framework",
			);
			name = "[CP] Embed Pods Frameworks";
			outputPaths = (
				"${TARGET_BUILD_DIR}/${FRAMEWORKS_FOLDER_PATH}/Nimble.framework",
			);
			runOnlyForDeploymentPostprocessing = 0;
			shellPath = /bin/sh;
			shellScript = "\"${SRCROOT}/Pods/Target Support Files/Pods-ios-starterTests/Pods-ios-starterTests-frameworks.sh\"\n";
			showEnvVarsInLog = 0;
		};
		C9D562881AC0162184F35C54 /* [CP] Copy Pods Resources */ = {
			isa = PBXShellScriptBuildPhase;
			buildActionMask = 2147483647;
			files = (
			);
			inputPaths = (
			);
			name = "[CP] Copy Pods Resources";
			outputPaths = (
			);
			runOnlyForDeploymentPostprocessing = 0;
			shellPath = /bin/sh;
			shellScript = "\"${SRCROOT}/Pods/Target Support Files/Pods-ios-starter/Pods-ios-starter-resources.sh\"\n";
			showEnvVarsInLog = 0;
		};
/* End PBXShellScriptBuildPhase section */

/* Begin PBXSourcesBuildPhase section */
		024721F5200F895C007A280D /* Sources */ = {
			isa = PBXSourcesBuildPhase;
			buildActionMask = 2147483647;
			files = (
				024722612015CB67007A280D /* AppKeys.swift in Sources */,
				0247226A2015CD25007A280D /* Images.swift in Sources */,
				0247226C2015CD3F007A280D /* Localization.swift in Sources */,
				024722682015CD17007A280D /* Storyboards.swift in Sources */,
				024722662015CCB8007A280D /* Colors.swift in Sources */,
				024721FF200F895C007A280D /* ViewController.swift in Sources */,
				024721FD200F895C007A280D /* AppDelegate.swift in Sources */,
			);
			runOnlyForDeploymentPostprocessing = 0;
		};
		0247220E200F8D03007A280D /* Sources */ = {
			isa = PBXSourcesBuildPhase;
			buildActionMask = 2147483647;
			files = (
				02472215200F8D03007A280D /* ios_starterTests.swift in Sources */,
			);
			runOnlyForDeploymentPostprocessing = 0;
		};
/* End PBXSourcesBuildPhase section */

/* Begin PBXTargetDependency section */
		02472218200F8D03007A280D /* PBXTargetDependency */ = {
			isa = PBXTargetDependency;
			target = 024721F8200F895C007A280D /* ios-starter */;
			targetProxy = 02472217200F8D03007A280D /* PBXContainerItemProxy */;
		};
/* End PBXTargetDependency section */

/* Begin PBXVariantGroup section */
		02472200200F895C007A280D /* Main.storyboard */ = {
			isa = PBXVariantGroup;
			children = (
				02472201200F895C007A280D /* Base */,
			);
			name = Main.storyboard;
			sourceTree = "<group>";
		};
		02472205200F895C007A280D /* LaunchScreen.storyboard */ = {
			isa = PBXVariantGroup;
			children = (
				02472206200F895C007A280D /* Base */,
			);
			name = LaunchScreen.storyboard;
			sourceTree = "<group>";
		};
		0247227F20161FBE007A280D /* Localizable.strings */ = {
			isa = PBXVariantGroup;
			children = (
				0247228020161FBE007A280D /* Base */,
			);
			name = Localizable.strings;
			sourceTree = "<group>";
		};
/* End PBXVariantGroup section */

/* Begin XCBuildConfiguration section */
		02472209200F895C007A280D /* Debug */ = {
			isa = XCBuildConfiguration;
			buildSettings = {
				ALWAYS_SEARCH_USER_PATHS = NO;
				CLANG_ANALYZER_NONNULL = YES;
				CLANG_ANALYZER_NUMBER_OBJECT_CONVERSION = YES_AGGRESSIVE;
				CLANG_CXX_LANGUAGE_STANDARD = "gnu++14";
				CLANG_CXX_LIBRARY = "libc++";
				CLANG_ENABLE_MODULES = YES;
				CLANG_ENABLE_OBJC_ARC = YES;
				CLANG_WARN_BLOCK_CAPTURE_AUTORELEASING = YES;
				CLANG_WARN_BOOL_CONVERSION = YES;
				CLANG_WARN_COMMA = YES;
				CLANG_WARN_CONSTANT_CONVERSION = YES;
				CLANG_WARN_DIRECT_OBJC_ISA_USAGE = YES_ERROR;
				CLANG_WARN_DOCUMENTATION_COMMENTS = YES;
				CLANG_WARN_EMPTY_BODY = YES;
				CLANG_WARN_ENUM_CONVERSION = YES;
				CLANG_WARN_INFINITE_RECURSION = YES;
				CLANG_WARN_INT_CONVERSION = YES;
				CLANG_WARN_NON_LITERAL_NULL_CONVERSION = YES;
				CLANG_WARN_OBJC_LITERAL_CONVERSION = YES;
				CLANG_WARN_OBJC_ROOT_CLASS = YES_ERROR;
				CLANG_WARN_RANGE_LOOP_ANALYSIS = YES;
				CLANG_WARN_STRICT_PROTOTYPES = YES;
				CLANG_WARN_SUSPICIOUS_MOVE = YES;
				CLANG_WARN_UNGUARDED_AVAILABILITY = YES_AGGRESSIVE;
				CLANG_WARN_UNREACHABLE_CODE = YES;
				CLANG_WARN__DUPLICATE_METHOD_MATCH = YES;
				CODE_SIGN_IDENTITY = "iPhone Developer";
				COPY_PHASE_STRIP = NO;
				DEBUG_INFORMATION_FORMAT = dwarf;
				ENABLE_STRICT_OBJC_MSGSEND = YES;
				ENABLE_TESTABILITY = YES;
				GCC_C_LANGUAGE_STANDARD = gnu11;
				GCC_DYNAMIC_NO_PIC = NO;
				GCC_NO_COMMON_BLOCKS = YES;
				GCC_OPTIMIZATION_LEVEL = 0;
				GCC_PREPROCESSOR_DEFINITIONS = (
					"DEBUG=1",
					"$(inherited)",
				);
				GCC_WARN_64_TO_32_BIT_CONVERSION = YES;
				GCC_WARN_ABOUT_RETURN_TYPE = YES_ERROR;
				GCC_WARN_UNDECLARED_SELECTOR = YES;
				GCC_WARN_UNINITIALIZED_AUTOS = YES_AGGRESSIVE;
				GCC_WARN_UNUSED_FUNCTION = YES;
				GCC_WARN_UNUSED_VARIABLE = YES;
				IPHONEOS_DEPLOYMENT_TARGET = 11.2;
				MTL_ENABLE_DEBUG_INFO = YES;
				ONLY_ACTIVE_ARCH = YES;
				SDKROOT = iphoneos;
				SWIFT_ACTIVE_COMPILATION_CONDITIONS = DEBUG;
				SWIFT_OPTIMIZATION_LEVEL = "-Onone";
			};
			name = Debug;
		};
		0247220A200F895C007A280D /* Release */ = {
			isa = XCBuildConfiguration;
			buildSettings = {
				ALWAYS_SEARCH_USER_PATHS = NO;
				CLANG_ANALYZER_NONNULL = YES;
				CLANG_ANALYZER_NUMBER_OBJECT_CONVERSION = YES_AGGRESSIVE;
				CLANG_CXX_LANGUAGE_STANDARD = "gnu++14";
				CLANG_CXX_LIBRARY = "libc++";
				CLANG_ENABLE_MODULES = YES;
				CLANG_ENABLE_OBJC_ARC = YES;
				CLANG_WARN_BLOCK_CAPTURE_AUTORELEASING = YES;
				CLANG_WARN_BOOL_CONVERSION = YES;
				CLANG_WARN_COMMA = YES;
				CLANG_WARN_CONSTANT_CONVERSION = YES;
				CLANG_WARN_DIRECT_OBJC_ISA_USAGE = YES_ERROR;
				CLANG_WARN_DOCUMENTATION_COMMENTS = YES;
				CLANG_WARN_EMPTY_BODY = YES;
				CLANG_WARN_ENUM_CONVERSION = YES;
				CLANG_WARN_INFINITE_RECURSION = YES;
				CLANG_WARN_INT_CONVERSION = YES;
				CLANG_WARN_NON_LITERAL_NULL_CONVERSION = YES;
				CLANG_WARN_OBJC_LITERAL_CONVERSION = YES;
				CLANG_WARN_OBJC_ROOT_CLASS = YES_ERROR;
				CLANG_WARN_RANGE_LOOP_ANALYSIS = YES;
				CLANG_WARN_STRICT_PROTOTYPES = YES;
				CLANG_WARN_SUSPICIOUS_MOVE = YES;
				CLANG_WARN_UNGUARDED_AVAILABILITY = YES_AGGRESSIVE;
				CLANG_WARN_UNREACHABLE_CODE = YES;
				CLANG_WARN__DUPLICATE_METHOD_MATCH = YES;
				CODE_SIGN_IDENTITY = "iPhone Developer";
				COPY_PHASE_STRIP = NO;
				DEBUG_INFORMATION_FORMAT = "dwarf-with-dsym";
				ENABLE_NS_ASSERTIONS = NO;
				ENABLE_STRICT_OBJC_MSGSEND = YES;
				GCC_C_LANGUAGE_STANDARD = gnu11;
				GCC_NO_COMMON_BLOCKS = YES;
				GCC_WARN_64_TO_32_BIT_CONVERSION = YES;
				GCC_WARN_ABOUT_RETURN_TYPE = YES_ERROR;
				GCC_WARN_UNDECLARED_SELECTOR = YES;
				GCC_WARN_UNINITIALIZED_AUTOS = YES_AGGRESSIVE;
				GCC_WARN_UNUSED_FUNCTION = YES;
				GCC_WARN_UNUSED_VARIABLE = YES;
				IPHONEOS_DEPLOYMENT_TARGET = 11.2;
				MTL_ENABLE_DEBUG_INFO = NO;
				SDKROOT = iphoneos;
				SWIFT_OPTIMIZATION_LEVEL = "-Owholemodule";
				VALIDATE_PRODUCT = YES;
			};
			name = Release;
		};
		0247220C200F895C007A280D /* Debug */ = {
			isa = XCBuildConfiguration;
			baseConfigurationReference = F7B5B8062FD9FFE288A9B669 /* Pods-ios-starter.debug.xcconfig */;
			buildSettings = {
				ASSETCATALOG_COMPILER_APPICON_NAME = AppIcon;
				CODE_SIGN_STYLE = Automatic;
				INFOPLIST_FILE = "ios-starter/Info.plist";
				LD_RUNPATH_SEARCH_PATHS = "$(inherited) @executable_path/Frameworks";
				PRODUCT_BUNDLE_IDENTIFIER = "com.omirho.ios-starter";
				PRODUCT_NAME = "$(TARGET_NAME)";
				SWIFT_VERSION = 4.0;
				TARGETED_DEVICE_FAMILY = "1,2";
			};
			name = Debug;
		};
		0247220D200F895C007A280D /* Release */ = {
			isa = XCBuildConfiguration;
			baseConfigurationReference = 714904F99CA1CA2C336AC091 /* Pods-ios-starter.release.xcconfig */;
			buildSettings = {
				ASSETCATALOG_COMPILER_APPICON_NAME = AppIcon;
				CODE_SIGN_STYLE = Automatic;
				INFOPLIST_FILE = "ios-starter/Info.plist";
				LD_RUNPATH_SEARCH_PATHS = "$(inherited) @executable_path/Frameworks";
				PRODUCT_BUNDLE_IDENTIFIER = "com.omirho.ios-starter";
				PRODUCT_NAME = "$(TARGET_NAME)";
				SWIFT_VERSION = 4.0;
				TARGETED_DEVICE_FAMILY = "1,2";
			};
			name = Release;
		};
		02472219200F8D03007A280D /* Debug */ = {
			isa = XCBuildConfiguration;
			baseConfigurationReference = 2DE66BEBB5FA07BA8C9907A1 /* Pods-ios-starterTests.debug.xcconfig */;
			buildSettings = {
				BUNDLE_LOADER = "$(TEST_HOST)";
				CODE_SIGN_STYLE = Automatic;
				INFOPLIST_FILE = "ios-starterTests/Info.plist";
				LD_RUNPATH_SEARCH_PATHS = "$(inherited) @executable_path/Frameworks @loader_path/Frameworks";
				PRODUCT_BUNDLE_IDENTIFIER = "com.omirho.ios-starterTests";
				PRODUCT_NAME = "$(TARGET_NAME)";
				SWIFT_VERSION = 4.0;
				TARGETED_DEVICE_FAMILY = "1,2";
				TEST_HOST = "$(BUILT_PRODUCTS_DIR)/ios-starter.app/ios-starter";
			};
			name = Debug;
		};
		0247221A200F8D03007A280D /* Release */ = {
			isa = XCBuildConfiguration;
			baseConfigurationReference = DF91A5B6DCCC25B1577E371A /* Pods-ios-starterTests.release.xcconfig */;
			buildSettings = {
				BUNDLE_LOADER = "$(TEST_HOST)";
				CODE_SIGN_STYLE = Automatic;
				INFOPLIST_FILE = "ios-starterTests/Info.plist";
				LD_RUNPATH_SEARCH_PATHS = "$(inherited) @executable_path/Frameworks @loader_path/Frameworks";
				PRODUCT_BUNDLE_IDENTIFIER = "com.omirho.ios-starterTests";
				PRODUCT_NAME = "$(TARGET_NAME)";
				SWIFT_VERSION = 4.0;
				TARGETED_DEVICE_FAMILY = "1,2";
				TEST_HOST = "$(BUILT_PRODUCTS_DIR)/ios-starter.app/ios-starter";
			};
			name = Release;
		};
/* End XCBuildConfiguration section */

/* Begin XCConfigurationList section */
		024721F4200F895C007A280D /* Build configuration list for PBXProject "ios-starter" */ = {
			isa = XCConfigurationList;
			buildConfigurations = (
				02472209200F895C007A280D /* Debug */,
				0247220A200F895C007A280D /* Release */,
			);
			defaultConfigurationIsVisible = 0;
			defaultConfigurationName = Release;
		};
		0247220B200F895C007A280D /* Build configuration list for PBXNativeTarget "ios-starter" */ = {
			isa = XCConfigurationList;
			buildConfigurations = (
				0247220C200F895C007A280D /* Debug */,
				0247220D200F895C007A280D /* Release */,
			);
			defaultConfigurationIsVisible = 0;
			defaultConfigurationName = Release;
		};
		0247221B200F8D03007A280D /* Build configuration list for PBXNativeTarget "ios-starterTests" */ = {
			isa = XCConfigurationList;
			buildConfigurations = (
				02472219200F8D03007A280D /* Debug */,
				0247221A200F8D03007A280D /* Release */,
			);
			defaultConfigurationIsVisible = 0;
			defaultConfigurationName = Release;
		};
/* End XCConfigurationList section */
	};
	rootObject = 024721F1200F895C007A280D /* Project object */;
}
